
Microsoft Visual Studio Solution File, Format Version 12.00
# Visual Studio Version 17
VisualStudioVersion = 17.7.34031.279
MinimumVisualStudioVersion = 10.0.40219.1
Project("{8BC9CEB8-8B4A-11D0-8D11-00A0C91BC942}") = "Bai1_PhuongTrinhBacNhat", "Bai1_PhuongTrinhBacNhat\Bai1_PhuongTrinhBacNhat.vcxproj", "{1A29E05B-D55B-40B3-8C48-434933157693}"
EndProject
Project("{8BC9CEB8-8B4A-11D0-8D11-00A0C91BC942}") = "Bai2_PhepToanSoHoc", "Bai2_PhepToanSoHoc\Bai2_PhepToanSoHoc.vcxproj", "{15D053F4-F4CB-465D-A828-F9C45319A979}"
EndProject
Project("{8BC9CEB8-8B4A-11D0-8D11-00A0C91BC942}") = "Bai3_DoiCoSo", "Bai3_DoiCoSo\Bai3_DoiCoSo.vcxproj", "{E2F7C9E9-2496-4899-9629-93E8C64804E2}"
EndProject
Project("{8BC9CEB8-8B4A-11D0-8D11-00A0C91BC942}") = "Bai4_SoNguyen", "Bai4_SoNguyen\Bai4_SoNguyen.vcxproj", "{647694D7-8DAD-4575-8BED-A1DF81E386EB}"
EndProject
Project("{8BC9CEB8-8B4A-11D0-8D11-00A0C91BC942}") = "Bai5_ChiSoCoThe", "Bai5_ChiSoCoThe\Bai5_ChiSoCoThe.vcxproj", "{9621F2F3-66ED-4F0E-87CB-A26E9C075C10}"
EndProject
Project("{8BC9CEB8-8B4A-11D0-8D11-00A0C91BC942}") = "Bai6_SoNguyenTo", "Bai6_SoNguyenTo\Bai6_SoNguyenTo.vcxproj", "{9D5AE89A-6A0D-46F9-BFEB-8CD846022AA6}"
EndProject
Project("{8BC9CEB8-8B4A-11D0-8D11-00A0C91BC942}") = "Bai7_UocSo", "Bai7_UocSo\Bai7_UocSo.vcxproj", "{F6420A21-6FE5-4073-8D02-E2F687FFFCEE}"
EndProject
Project("{8BC9CEB8-8B4A-11D0-8D11-00A0C91BC942}") = "Bai8_DaySo", "Bai8_DaySo\Bai8_DaySo.vcxproj", "{67C6C02C-89FA-4878-AACB-543E8E33443A}"
EndProject
Project("{8BC9CEB8-8B4A-11D0-8D11-00A0C91BC942}") = "Bai9_CanBac2", "Bai9_CanBac2\Bai9_CanBac2.vcxproj", "{4A5E070D-5B00-4D3A-8FF4-A995D70A182C}"
EndProject
Project("{8BC9CEB8-8B4A-11D0-8D11-00A0C91BC942}") = "Bai10_UocChung-BoiChung", "Bai10_UocChung-BoiChung\Bai10_UocChung-BoiChung.vcxproj", "{6F1B7AA2-45D7-4C05-B797-786DCBA057C0}"
EndProject
Project("{8BC9CEB8-8B4A-11D0-8D11-00A0C91BC942}") = "Bai11_TroChoiDoanSo", "Bai11_TroChoiDoanSo\Bai11_TroChoiDoanSo.vcxproj", "{FF18DB86-9E6E-4846-A7D0-44E7525C0476}"
EndProject
Global
	GlobalSection(SolutionConfigurationPlatforms) = preSolution
		Debug|x64 = Debug|x64
		Debug|x86 = Debug|x86
		Release|x64 = Release|x64
		Release|x86 = Release|x86
	EndGlobalSection
	GlobalSection(ProjectConfigurationPlatforms) = postSolution
		{1A29E05B-D55B-40B3-8C48-434933157693}.Debug|x64.ActiveCfg = Debug|x64
		{1A29E05B-D55B-40B3-8C48-434933157693}.Debug|x64.Build.0 = Debug|x64
		{1A29E05B-D55B-40B3-8C48-434933157693}.Debug|x86.ActiveCfg = Debug|Win32
		{1A29E05B-D55B-40B3-8C48-434933157693}.Debug|x86.Build.0 = Debug|Win32
		{1A29E05B-D55B-40B3-8C48-434933157693}.Release|x64.ActiveCfg = Release|x64
		{1A29E05B-D55B-40B3-8C48-434933157693}.Release|x64.Build.0 = Release|x64
		{1A29E05B-D55B-40B3-8C48-434933157693}.Release|x86.ActiveCfg = Release|Win32
		{1A29E05B-D55B-40B3-8C48-434933157693}.Release|x86.Build.0 = Release|Win32
		{15D053F4-F4CB-465D-A828-F9C45319A979}.Debug|x64.ActiveCfg = Debug|x64
		{15D053F4-F4CB-465D-A828-F9C45319A979}.Debug|x64.Build.0 = Debug|x64
		{15D053F4-F4CB-465D-A828-F9C45319A979}.Debug|x86.ActiveCfg = Debug|Win32
		{15D053F4-F4CB-465D-A828-F9C45319A979}.Debug|x86.Build.0 = Debug|Win32
		{15D053F4-F4CB-465D-A828-F9C45319A979}.Release|x64.ActiveCfg = Release|x64
		{15D053F4-F4CB-465D-A828-F9C45319A979}.Release|x64.Build.0 = Release|x64
		{15D053F4-F4CB-465D-A828-F9C45319A979}.Release|x86.ActiveCfg = Release|Win32
		{15D053F4-F4CB-465D-A828-F9C45319A979}.Release|x86.Build.0 = Release|Win32
		{E2F7C9E9-2496-4899-9629-93E8C64804E2}.Debug|x64.ActiveCfg = Debug|x64
		{E2F7C9E9-2496-4899-9629-93E8C64804E2}.Debug|x64.Build.0 = Debug|x64
		{E2F7C9E9-2496-4899-9629-93E8C64804E2}.Debug|x86.ActiveCfg = Debug|Win32
		{E2F7C9E9-2496-4899-9629-93E8C64804E2}.Debug|x86.Build.0 = Debug|Win32
		{E2F7C9E9-2496-4899-9629-93E8C64804E2}.Release|x64.ActiveCfg = Release|x64
		{E2F7C9E9-2496-4899-9629-93E8C64804E2}.Release|x64.Build.0 = Release|x64
		{E2F7C9E9-2496-4899-9629-93E8C64804E2}.Release|x86.ActiveCfg = Release|Win32
		{E2F7C9E9-2496-4899-9629-93E8C64804E2}.Release|x86.Build.0 = Release|Win32
		{647694D7-8DAD-4575-8BED-A1DF81E386EB}.Debug|x64.ActiveCfg = Debug|x64
		{647694D7-8DAD-4575-8BED-A1DF81E386EB}.Debug|x64.Build.0 = Debug|x64
		{647694D7-8DAD-4575-8BED-A1DF81E386EB}.Debug|x86.ActiveCfg = Debug|Win32
		{647694D7-8DAD-4575-8BED-A1DF81E386EB}.Debug|x86.Build.0 = Debug|Win32
		{647694D7-8DAD-4575-8BED-A1DF81E386EB}.Release|x64.ActiveCfg = Release|x64
		{647694D7-8DAD-4575-8BED-A1DF81E386EB}.Release|x64.Build.0 = Release|x64
		{647694D7-8DAD-4575-8BED-A1DF81E386EB}.Release|x86.ActiveCfg = Release|Win32
		{647694D7-8DAD-4575-8BED-A1DF81E386EB}.Release|x86.Build.0 = Release|Win32
		{9621F2F3-66ED-4F0E-87CB-A26E9C075C10}.Debug|x64.ActiveCfg = Debug|x64
		{9621F2F3-66ED-4F0E-87CB-A26E9C075C10}.Debug|x64.Build.0 = Debug|x64
		{9621F2F3-66ED-4F0E-87CB-A26E9C075C10}.Debug|x86.ActiveCfg = Debug|Win32
		{9621F2F3-66ED-4F0E-87CB-A26E9C075C10}.Debug|x86.Build.0 = Debug|Win32
		{9621F2F3-66ED-4F0E-87CB-A26E9C075C10}.Release|x64.ActiveCfg = Release|x64
		{9621F2F3-66ED-4F0E-87CB-A26E9C075C10}.Release|x64.Build.0 = Release|x64
		{9621F2F3-66ED-4F0E-87CB-A26E9C075C10}.Release|x86.ActiveCfg = Release|Win32
		{9621F2F3-66ED-4F0E-87CB-A26E9C075C10}.Release|x86.Build.0 = Release|Win32
		{9D5AE89A-6A0D-46F9-BFEB-8CD846022AA6}.Debug|x64.ActiveCfg = Debug|x64
		{9D5AE89A-6A0D-46F9-BFEB-8CD846022AA6}.Debug|x64.Build.0 = Debug|x64
		{9D5AE89A-6A0D-46F9-BFEB-8CD846022AA6}.Debug|x86.ActiveCfg = Debug|Win32
		{9D5AE89A-6A0D-46F9-BFEB-8CD846022AA6}.Debug|x86.Build.0 = Debug|Win32
		{9D5AE89A-6A0D-46F9-BFEB-8CD846022AA6}.Release|x64.ActiveCfg = Release|x64
		{9D5AE89A-6A0D-46F9-BFEB-8CD846022AA6}.Release|x64.Build.0 = Release|x64
		{9D5AE89A-6A0D-46F9-BFEB-8CD846022AA6}.Release|x86.ActiveCfg = Release|Win32
		{9D5AE89A-6A0D-46F9-BFEB-8CD846022AA6}.Release|x86.Build.0 = Release|Win32
		{F6420A21-6FE5-4073-8D02-E2F687FFFCEE}.Debug|x64.ActiveCfg = Debug|x64
		{F6420A21-6FE5-4073-8D02-E2F687FFFCEE}.Debug|x64.Build.0 = Debug|x64
		{F6420A21-6FE5-4073-8D02-E2F687FFFCEE}.Debug|x86.ActiveCfg = Debug|Win32
		{F6420A21-6FE5-4073-8D02-E2F687FFFCEE}.Debug|x86.Build.0 = Debug|Win32
		{F6420A21-6FE5-4073-8D02-E2F687FFFCEE}.Release|x64.ActiveCfg = Release|x64
		{F6420A21-6FE5-4073-8D02-E2F687FFFCEE}.Release|x64.Build.0 = Release|x64
		{F6420A21-6FE5-4073-8D02-E2F687FFFCEE}.Release|x86.ActiveCfg = Release|Win32
		{F6420A21-6FE5-4073-8D02-E2F687FFFCEE}.Release|x86.Build.0 = Release|Win32
		{67C6C02C-89FA-4878-AACB-543E8E33443A}.Debug|x64.ActiveCfg = Debug|x64
		{67C6C02C-89FA-4878-AACB-543E8E33443A}.Debug|x64.Build.0 = Debug|x64
		{67C6C02C-89FA-4878-AACB-543E8E33443A}.Debug|x86.ActiveCfg = Debug|Win32
		{67C6C02C-89FA-4878-AACB-543E8E33443A}.Debug|x86.Build.0 = Debug|Win32
		{67C6C02C-89FA-4878-AACB-543E8E33443A}.Release|x64.ActiveCfg = Release|x64
		{67C6C02C-89FA-4878-AACB-543E8E33443A}.Release|x64.Build.0 = Release|x64
		{67C6C02C-89FA-4878-AACB-543E8E33443A}.Release|x86.ActiveCfg = Release|Win32
		{67C6C02C-89FA-4878-AACB-543E8E33443A}.Release|x86.Build.0 = Release|Win32
		{4A5E070D-5B00-4D3A-8FF4-A995D70A182C}.Debug|x64.ActiveCfg = Debug|x64
		{4A5E070D-5B00-4D3A-8FF4-A995D70A182C}.Debug|x64.Build.0 = Debug|x64
		{4A5E070D-5B00-4D3A-8FF4-A995D70A182C}.Debug|x86.ActiveCfg = Debug|Win32
		{4A5E070D-5B00-4D3A-8FF4-A995D70A182C}.Debug|x86.Build.0 = Debug|Win32
		{4A5E070D-5B00-4D3A-8FF4-A995D70A182C}.Release|x64.ActiveCfg = Release|x64
		{4A5E070D-5B00-4D3A-8FF4-A995D70A182C}.Release|x64.Build.0 = Release|x64
		{4A5E070D-5B00-4D3A-8FF4-A995D70A182C}.Release|x86.ActiveCfg = Release|Win32
		{4A5E070D-5B00-4D3A-8FF4-A995D70A182C}.Release|x86.Build.0 = Release|Win32
		{6F1B7AA2-45D7-4C05-B797-786DCBA057C0}.Debug|x64.ActiveCfg = Debug|x64
		{6F1B7AA2-45D7-4C05-B797-786DCBA057C0}.Debug|x64.Build.0 = Debug|x64
		{6F1B7AA2-45D7-4C05-B797-786DCBA057C0}.Debug|x86.ActiveCfg = Debug|Win32
		{6F1B7AA2-45D7-4C05-B797-786DCBA057C0}.Debug|x86.Build.0 = Debug|Win32
		{6F1B7AA2-45D7-4C05-B797-786DCBA057C0}.Release|x64.ActiveCfg = Release|x64
		{6F1B7AA2-45D7-4C05-B797-786DCBA057C0}.Release|x64.Build.0 = Release|x64
		{6F1B7AA2-45D7-4C05-B797-786DCBA057C0}.Release|x86.ActiveCfg = Release|Win32
		{6F1B7AA2-45D7-4C05-B797-786DCBA057C0}.Release|x86.Build.0 = Release|Win32
		{FF18DB86-9E6E-4846-A7D0-44E7525C0476}.Debug|x64.ActiveCfg = Debug|x64
		{FF18DB86-9E6E-4846-A7D0-44E7525C0476}.Debug|x64.Build.0 = Debug|x64
		{FF18DB86-9E6E-4846-A7D0-44E7525C0476}.Debug|x86.ActiveCfg = Debug|Win32
		{FF18DB86-9E6E-4846-A7D0-44E7525C0476}.Debug|x86.Build.0 = Debug|Win32
		{FF18DB86-9E6E-4846-A7D0-44E7525C0476}.Release|x64.ActiveCfg = Release|x64
		{FF18DB86-9E6E-4846-A7D0-44E7525C0476}.Release|x64.Build.0 = Release|x64
		{FF18DB86-9E6E-4846-A7D0-44E7525C0476}.Release|x86.ActiveCfg = Release|Win32
		{FF18DB86-9E6E-4846-A7D0-44E7525C0476}.Release|x86.Build.0 = Release|Win32
	EndGlobalSection
	GlobalSection(SolutionProperties) = preSolution
		HideSolutionNode = FALSE
	EndGlobalSection
	GlobalSection(ExtensibilityGlobals) = postSolution
		SolutionGuid = {CB559E89-CB91-48E3-99D7-C2717006EC28}
	EndGlobalSection
EndGlobal
